block
vcs = fossil
repository = https://lumosql.org/src/not-forking
version-0.1 = b7cb3f95aecca8349e5dd377f39d556f6a5845878c46e5536a57b5fd990dc0fe
time-0.1 = 2020-11-02 09:48:56
version-0.2 = 2d756e0fb83159982ad66387ec058b252be597b486accd96001b0b39796dbb9d
time-0.2 = 2020-11-03 14:53:32
version-0.2.1 = d2350bd1595e6ed1f8380445477dfd78408919ca3504cd3a917086757b19d73c
time-0.2.1 = 2020-11-07 11:37:42
version-0.3 = 4fe8444c9f1fa8b6a8fd6b91be821453a1197918bc01ff5f6f624f0e1c67108b
time-0.3 = 2021-01-07 14:26:12
version-0.3.1 = 7acb6f5cfbb5cba3deecd8630be8368014ffb10c3f5c289f5f65709fe032a91c
time-0.3.1 = 2021-01-21 16:56:55
version-0.3.2 = 239d504cc1ab070f28ad584357970223bd8164e35d64d29c464c5fb7d2902320
time-0.3.2 = 2021-02-24 14:23:56
version-0.3.3 = de63cfd7dfc21db03d94db80e22d65fc44044ad0b75f20fc533b0fbdfdbc842d
time-0.3.3 = 2021-03-31 19:08:36
version-0.3.4 = c1a818a520ef088884a7940f54fc87ad7c0452a246e11bc5c234155cb71bf396
time-0.3.4 = 2021-04-02 08:48:49
version-0.4 = f52f96851c1d60a69da6a4962de164e93f54df3530773c11bdd315aa39cc12ba
time-0.4 = 2021-05-16 09:12:16
version-0.4.1 = ae46ae8b899b5a55f07961c8cd57a070cb4f7af64ce93893957879d52071e6f8
time-0.4.1 = 2021-05-17 12:47:31
version-0.4.2 = 868f47e143b37a15d25fc2e18687da4113ebbdde044dd4e479e7ce38d97d9749
time-0.4.2 = 2021-06-11 12:55:22
version-0.5 = 97fbc7c05d9c1e05400d983845d9b92f113a65a9aca074c49a099a89931d501e
time-0.5 = 2022-02-16 20:28:47

